
Microsoft Visual Studio Solution File, Format Version 12.00
# Visual Studio Version 17
VisualStudioVersion = 17.9.34902.65
MinimumVisualStudioVersion = 10.0.40219.1
Project("{FAE04EC0-301F-11D3-BF4B-00C04F79EFBC}") = "GeoLog", "GeoLog\GeoLog.csproj", "{0618117C-33DC-49D1-84A9-A0C78CC04050}"
EndProject
Global
	GlobalSection(SolutionConfigurationPlatforms) = preSolution
		Debug|Any CPU = Debug|Any CPU
		Release|Any CPU = Release|Any CPU
	EndGlobalSection
	GlobalSection(ProjectConfigurationPlatforms) = postSolution
		{0618117C-33DC-49D1-84A9-A0C78CC04050}.Debug|Any CPU.ActiveCfg = Debug|Any CPU
		{0618117C-33DC-49D1-84A9-A0C78CC04050}.Debug|Any CPU.Build.0 = Debug|Any CPU
		{0618117C-33DC-49D1-84A9-A0C78CC04050}.Release|Any CPU.ActiveCfg = Release|Any CPU
		{0618117C-33DC-49D1-84A9-A0C78CC04050}.Release|Any CPU.Build.0 = Release|Any CPU
	EndGlobalSection
	GlobalSection(SolutionProperties) = preSolution
		HideSolutionNode = FALSE
	EndGlobalSection
	GlobalSection(ExtensibilityGlobals) = postSolution
		SolutionGuid = {A20D4230-C7E1-4427-AA2F-1A8EB34C3E3C}
	EndGlobalSection
EndGlobal
